
Microsoft Visual Studio Solution File, Format Version 12.00
# Visual Studio Version 16
VisualStudioVersion = 16.0.32106.194
MinimumVisualStudioVersion = 10.0.40219.1
Project("{FAE04EC0-301F-11D3-BF4B-00C04F79EFBC}") = "ACW3_Blockchain", "ACW3_Blockchain.csproj", "{70B2744D-891A-4448-9A4C-AD6C9C60B997}"
EndProject
Global
	GlobalSection(SolutionConfigurationPlatforms) = preSolution
		Debug|Any CPU = Debug|Any CPU
		Release|Any CPU = Release|Any CPU
	EndGlobalSection
	GlobalSection(ProjectConfigurationPlatforms) = postSolution
		{70B2744D-891A-4448-9A4C-AD6C9C60B997}.Debug|Any CPU.ActiveCfg = Debug|Any CPU
		{70B2744D-891A-4448-9A4C-AD6C9C60B997}.Debug|Any CPU.Build.0 = Debug|Any CPU
		{70B2744D-891A-4448-9A4C-AD6C9C60B997}.Release|Any CPU.ActiveCfg = Release|Any CPU
		{70B2744D-891A-4448-9A4C-AD6C9C60B997}.Release|Any CPU.Build.0 = Release|Any CPU
	EndGlobalSection
	GlobalSection(SolutionProperties) = preSolution
		HideSolutionNode = FALSE
	EndGlobalSection
	GlobalSection(ExtensibilityGlobals) = postSolution
		SolutionGuid = {D383F4F9-5CC7-4E25-B7F6-A2BAE3574D53}
	EndGlobalSection
EndGlobal
